
Microsoft Visual Studio Solution File, Format Version 12.00
# Visual Studio Version 16
VisualStudioVersion = 16.0.31424.327
MinimumVisualStudioVersion = 10.0.40219.1
Project("{FAE04EC0-301F-11D3-BF4B-00C04F79EFBC}") = "PracticingLamdaExpression", "PracticingLamdaExpression.csproj", "{508DCAA0-D2D0-42CA-BB32-615A6299154E}"
EndProject
Global
	GlobalSection(SolutionConfigurationPlatforms) = preSolution
		Debug|Any CPU = Debug|Any CPU
		Release|Any CPU = Release|Any CPU
	EndGlobalSection
	GlobalSection(ProjectConfigurationPlatforms) = postSolution
		{508DCAA0-D2D0-42CA-BB32-615A6299154E}.Debug|Any CPU.ActiveCfg = Debug|Any CPU
		{508DCAA0-D2D0-42CA-BB32-615A6299154E}.Debug|Any CPU.Build.0 = Debug|Any CPU
		{508DCAA0-D2D0-42CA-BB32-615A6299154E}.Release|Any CPU.ActiveCfg = Release|Any CPU
		{508DCAA0-D2D0-42CA-BB32-615A6299154E}.Release|Any CPU.Build.0 = Release|Any CPU
	EndGlobalSection
	GlobalSection(SolutionProperties) = preSolution
		HideSolutionNode = FALSE
	EndGlobalSection
	GlobalSection(ExtensibilityGlobals) = postSolution
		SolutionGuid = {5F0CAF53-4AE6-40F2-A66E-37956406DCEE}
	EndGlobalSection
EndGlobal
